lockfileVersion: '9.0'

settings:
  autoInstallPeers: true
  excludeLinksFromLockfile: false

importers:

  .:
    dependencies:
      opencc-js:
        specifier: 1.4.1
        version: 1.4.1

packages:

  opencc-js@1.4.1:
    resolution: {integrity: sha512-2lPLcrg7cnh1ATSduOxhnk/jq6KlR6w+5Ihl4wF7Z5e5Rva4vxTyugV5rZ7EiUCOZl+EDOLetIix+BhgYDCC+A==}

snapshots:

  opencc-js@1.4.1: {}
